{
  "name": "zincobserve",
  "lockfileVersion": 3,
  "requires": true,
  "packages": {
    "": {
      "devDependencies": {
        "@types/d3-selection": "^3.0.5"
      }
    },
    "node_modules/@types/d3-selection": {
      "version": "3.0.5",
      "resolved": "https://registry.npmjs.org/@types/d3-selection/-/d3-selection-3.0.5.tgz",
      "integrity": "sha512-xCB0z3Hi8eFIqyja3vW8iV01+OHGYR2di/+e+AiOcXIOrY82lcvWW8Ke1DYE/EUVMsBl4Db9RppSBS3X1U6J0w==",
      "dev": true
    }
  }
}
